
Microsoft Visual Studio Solution File, Format Version 12.00
# Visual Studio Version 16
VisualStudioVersion = 16.0.30104.148
MinimumVisualStudioVersion = 10.0.40219.1
Project("{FAE04EC0-301F-11D3-BF4B-00C04F79EFBC}") = "CRM.Api", "CRM.Api\CRM.Api.csproj", "{7E4028AC-BEB9-4467-B038-E6B27836BA3B}"
EndProject
Project("{9A19103F-16F7-4668-BE54-9A1E7A4F7556}") = "CRM.Business", "CRM.Business\CRM.Business.csproj", "{70C934D9-6968-4EA5-91D0-A093C1991136}"
EndProject
Project("{9A19103F-16F7-4668-BE54-9A1E7A4F7556}") = "Data", "Data\Data.csproj", "{C246A1FC-0A8D-4C65-BB54-189D7B372357}"
EndProject
Global
	GlobalSection(SolutionConfigurationPlatforms) = preSolution
		Debug|Any CPU = Debug|Any CPU
		Release|Any CPU = Release|Any CPU
	EndGlobalSection
	GlobalSection(ProjectConfigurationPlatforms) = postSolution
		{7E4028AC-BEB9-4467-B038-E6B27836BA3B}.Debug|Any CPU.ActiveCfg = Debug|Any CPU
		{7E4028AC-BEB9-4467-B038-E6B27836BA3B}.Debug|Any CPU.Build.0 = Debug|Any CPU
		{7E4028AC-BEB9-4467-B038-E6B27836BA3B}.Release|Any CPU.ActiveCfg = Release|Any CPU
		{7E4028AC-BEB9-4467-B038-E6B27836BA3B}.Release|Any CPU.Build.0 = Release|Any CPU
		{70C934D9-6968-4EA5-91D0-A093C1991136}.Debug|Any CPU.ActiveCfg = Debug|Any CPU
		{70C934D9-6968-4EA5-91D0-A093C1991136}.Debug|Any CPU.Build.0 = Debug|Any CPU
		{70C934D9-6968-4EA5-91D0-A093C1991136}.Release|Any CPU.ActiveCfg = Release|Any CPU
		{70C934D9-6968-4EA5-91D0-A093C1991136}.Release|Any CPU.Build.0 = Release|Any CPU
		{C246A1FC-0A8D-4C65-BB54-189D7B372357}.Debug|Any CPU.ActiveCfg = Debug|Any CPU
		{C246A1FC-0A8D-4C65-BB54-189D7B372357}.Debug|Any CPU.Build.0 = Debug|Any CPU
		{C246A1FC-0A8D-4C65-BB54-189D7B372357}.Release|Any CPU.ActiveCfg = Release|Any CPU
		{C246A1FC-0A8D-4C65-BB54-189D7B372357}.Release|Any CPU.Build.0 = Release|Any CPU
	EndGlobalSection
	GlobalSection(SolutionProperties) = preSolution
		HideSolutionNode = FALSE
	EndGlobalSection
	GlobalSection(ExtensibilityGlobals) = postSolution
		SolutionGuid = {E30E848B-1650-4C63-A894-0C79FC23708B}
	EndGlobalSection
EndGlobal
